PODS:
  - BaiduMapKit (4.3.0)
  - BMKLocationKit (1.5.0)
  - Masonry (1.1.0)
  - YYModel (1.0.4)

DEPENDENCIES:
  - BaiduMapKit
  - BMKLocationKit
  - Masonry
  - YYModel

SPEC REPOS:
  https://github.com/cocoapods/specs.git:
    - BaiduMapKit
    - BMKLocationKit
    - Masonry
    - YYModel

SPEC CHECKSUMS:
  BaiduMapKit: 63575d9236b4112c4ff76391df637f2a6dc1ada8
  BMKLocationKit: 40d267478acd8704ddebd0e9deaddc727b13df9f
  Masonry: 678fab65091a9290e40e2832a55e7ab731aad201
  YYModel: 2a7fdd96aaa4b86a824e26d0c517de8928c04b30

PODFILE CHECKSUM: 2cfe5e8a2243f93080e98cb3a814bd0c7571002b

COCOAPODS: 1.6.1
